
Microsoft Visual Studio Solution File, Format Version 12.00
# Visual Studio Version 16
VisualStudioVersion = 16.0.29613.14
MinimumVisualStudioVersion = 10.0.40219.1
Project("{FAE04EC0-301F-11D3-BF4B-00C04F79EFBC}") = "EGramWebV2", "EGramWebV2\EGramWebV2.csproj", "{43A85DC1-8914-49D7-9B44-7800529F606D}"
EndProject
Project("{FAE04EC0-301F-11D3-BF4B-00C04F79EFBC}") = "EGramWebV2BLayer", "EGramWebV2BLayer\EGramWebV2BLayer.csproj", "{541CD212-CF5E-465D-AE0C-8137D417D6D3}"
EndProject
Global
	GlobalSection(SolutionConfigurationPlatforms) = preSolution
		Debug|Any CPU = Debug|Any CPU
		Release|Any CPU = Release|Any CPU
	EndGlobalSection
	GlobalSection(ProjectConfigurationPlatforms) = postSolution
		{43A85DC1-8914-49D7-9B44-7800529F606D}.Debug|Any CPU.ActiveCfg = Debug|Any CPU
		{43A85DC1-8914-49D7-9B44-7800529F606D}.Debug|Any CPU.Build.0 = Debug|Any CPU
		{43A85DC1-8914-49D7-9B44-7800529F606D}.Release|Any CPU.ActiveCfg = Release|Any CPU
		{43A85DC1-8914-49D7-9B44-7800529F606D}.Release|Any CPU.Build.0 = Release|Any CPU
		{541CD212-CF5E-465D-AE0C-8137D417D6D3}.Debug|Any CPU.ActiveCfg = Debug|Any CPU
		{541CD212-CF5E-465D-AE0C-8137D417D6D3}.Debug|Any CPU.Build.0 = Debug|Any CPU
		{541CD212-CF5E-465D-AE0C-8137D417D6D3}.Release|Any CPU.ActiveCfg = Release|Any CPU
		{541CD212-CF5E-465D-AE0C-8137D417D6D3}.Release|Any CPU.Build.0 = Release|Any CPU
	EndGlobalSection
	GlobalSection(SolutionProperties) = preSolution
		HideSolutionNode = FALSE
	EndGlobalSection
	GlobalSection(ExtensibilityGlobals) = postSolution
		SolutionGuid = {D31AAF5B-CD14-4D15-AA43-DA3C7E20BD3F}
	EndGlobalSection
EndGlobal
